
Microsoft Visual Studio Solution File, Format Version 12.00
# Visual Studio Version 16
VisualStudioVersion = 16.0.31105.61
MinimumVisualStudioVersion = 10.0.40219.1
Project("{FAE04EC0-301F-11D3-BF4B-00C04F79EFBC}") = "Entidades", "Entidades\Entidades.csproj", "{F8E3D81E-FD53-4D08-95D7-7128254C9862}"
EndProject
Project("{FAE04EC0-301F-11D3-BF4B-00C04F79EFBC}") = "CuentaGanadoForm", "CuentaGanadoForm\CuentaGanadoForm.csproj", "{3DE81105-BCC3-402C-AFD0-450FCF7BFD75}"
EndProject
Global
	GlobalSection(SolutionConfigurationPlatforms) = preSolution
		Debug|Any CPU = Debug|Any CPU
		Release|Any CPU = Release|Any CPU
	EndGlobalSection
	GlobalSection(ProjectConfigurationPlatforms) = postSolution
		{F8E3D81E-FD53-4D08-95D7-7128254C9862}.Debug|Any CPU.ActiveCfg = Debug|Any CPU
		{F8E3D81E-FD53-4D08-95D7-7128254C9862}.Debug|Any CPU.Build.0 = Debug|Any CPU
		{F8E3D81E-FD53-4D08-95D7-7128254C9862}.Release|Any CPU.ActiveCfg = Release|Any CPU
		{F8E3D81E-FD53-4D08-95D7-7128254C9862}.Release|Any CPU.Build.0 = Release|Any CPU
		{3DE81105-BCC3-402C-AFD0-450FCF7BFD75}.Debug|Any CPU.ActiveCfg = Debug|Any CPU
		{3DE81105-BCC3-402C-AFD0-450FCF7BFD75}.Debug|Any CPU.Build.0 = Debug|Any CPU
		{3DE81105-BCC3-402C-AFD0-450FCF7BFD75}.Release|Any CPU.ActiveCfg = Release|Any CPU
		{3DE81105-BCC3-402C-AFD0-450FCF7BFD75}.Release|Any CPU.Build.0 = Release|Any CPU
	EndGlobalSection
	GlobalSection(SolutionProperties) = preSolution
		HideSolutionNode = FALSE
	EndGlobalSection
	GlobalSection(ExtensibilityGlobals) = postSolution
		SolutionGuid = {9CE27A9A-CCF9-44C9-B1B6-64673BBF27FD}
	EndGlobalSection
EndGlobal
